
Microsoft Visual Studio Solution File, Format Version 12.00
# Visual Studio Version 17
VisualStudioVersion = 17.11.35208.52
MinimumVisualStudioVersion = 10.0.40219.1
Project("{FAE04EC0-301F-11D3-BF4B-00C04F79EFBC}") = "API", "API\API.csproj", "{7E72266A-3197-4A61-9728-FC13B4F889D5}"
EndProject
Project("{FAE04EC0-301F-11D3-BF4B-00C04F79EFBC}") = "Client", "Client\Client.csproj", "{774D92B0-FB5D-4E80-95A1-204CD8094557}"
EndProject
Global
	GlobalSection(SolutionConfigurationPlatforms) = preSolution
		Debug|Any CPU = Debug|Any CPU
		Release|Any CPU = Release|Any CPU
	EndGlobalSection
	GlobalSection(ProjectConfigurationPlatforms) = postSolution
<<<<<<< Updated upstream
		{7E72266A-3197-4A61-9728-FC13B4F889D5}.Debug|Any CPU.ActiveCfg = Debug|Any CPU
		{7E72266A-3197-4A61-9728-FC13B4F889D5}.Debug|Any CPU.Build.0 = Debug|Any CPU
		{7E72266A-3197-4A61-9728-FC13B4F889D5}.Release|Any CPU.ActiveCfg = Release|Any CPU
		{7E72266A-3197-4A61-9728-FC13B4F889D5}.Release|Any CPU.Build.0 = Release|Any CPU
=======
		{D570F2B1-E3D3-4D3C-8EF2-BCA6B225E29E}.Debug|Any CPU.ActiveCfg = Debug|Any CPU
		{D570F2B1-E3D3-4D3C-8EF2-BCA6B225E29E}.Debug|Any CPU.Build.0 = Debug|Any CPU
		{D570F2B1-E3D3-4D3C-8EF2-BCA6B225E29E}.Release|Any CPU.ActiveCfg = Release|Any CPU
		{D570F2B1-E3D3-4D3C-8EF2-BCA6B225E29E}.Release|Any CPU.Build.0 = Release|Any CPU
		{21BA477C-36D2-4F86-8E3F-02CB52971AB0}.Debug|Any CPU.ActiveCfg = Debug|Any CPU
		{21BA477C-36D2-4F86-8E3F-02CB52971AB0}.Debug|Any CPU.Build.0 = Debug|Any CPU
		{21BA477C-36D2-4F86-8E3F-02CB52971AB0}.Release|Any CPU.ActiveCfg = Release|Any CPU
		{21BA477C-36D2-4F86-8E3F-02CB52971AB0}.Release|Any CPU.Build.0 = Release|Any CPU
		{F4312692-F27D-462D-9CE0-C477328C139E}.Debug|Any CPU.ActiveCfg = Debug|Any CPU
		{F4312692-F27D-462D-9CE0-C477328C139E}.Debug|Any CPU.Build.0 = Debug|Any CPU
		{F4312692-F27D-462D-9CE0-C477328C139E}.Release|Any CPU.ActiveCfg = Release|Any CPU
		{F4312692-F27D-462D-9CE0-C477328C139E}.Release|Any CPU.Build.0 = Release|Any CPU
		{070073C5-AD45-452D-9E13-2A5BBD67F202}.Debug|Any CPU.ActiveCfg = Debug|Any CPU
		{070073C5-AD45-452D-9E13-2A5BBD67F202}.Debug|Any CPU.Build.0 = Debug|Any CPU
		{070073C5-AD45-452D-9E13-2A5BBD67F202}.Release|Any CPU.ActiveCfg = Release|Any CPU
		{070073C5-AD45-452D-9E13-2A5BBD67F202}.Release|Any CPU.Build.0 = Release|Any CPU
		{DBDDDA76-D1A3-4783-A23C-2BC6E8A817DF}.Debug|Any CPU.ActiveCfg = Debug|Any CPU
		{DBDDDA76-D1A3-4783-A23C-2BC6E8A817DF}.Debug|Any CPU.Build.0 = Debug|Any CPU
		{DBDDDA76-D1A3-4783-A23C-2BC6E8A817DF}.Release|Any CPU.ActiveCfg = Release|Any CPU
		{DBDDDA76-D1A3-4783-A23C-2BC6E8A817DF}.Release|Any CPU.Build.0 = Release|Any CPU
		{749788A7-647E-44BD-8237-2A45E2AD1373}.Debug|Any CPU.ActiveCfg = Debug|Any CPU
		{749788A7-647E-44BD-8237-2A45E2AD1373}.Debug|Any CPU.Build.0 = Debug|Any CPU
		{749788A7-647E-44BD-8237-2A45E2AD1373}.Release|Any CPU.ActiveCfg = Release|Any CPU
		{749788A7-647E-44BD-8237-2A45E2AD1373}.Release|Any CPU.Build.0 = Release|Any CPU
		{56E6BCF3-F8D0-4142-BC92-8B1366CAE7DA}.Debug|Any CPU.ActiveCfg = Debug|Any CPU
		{56E6BCF3-F8D0-4142-BC92-8B1366CAE7DA}.Debug|Any CPU.Build.0 = Debug|Any CPU
		{56E6BCF3-F8D0-4142-BC92-8B1366CAE7DA}.Release|Any CPU.ActiveCfg = Release|Any CPU
		{56E6BCF3-F8D0-4142-BC92-8B1366CAE7DA}.Release|Any CPU.Build.0 = Release|Any CPU
		{774D92B0-FB5D-4E80-95A1-204CD8094557}.Debug|Any CPU.ActiveCfg = Debug|Any CPU
		{774D92B0-FB5D-4E80-95A1-204CD8094557}.Debug|Any CPU.Build.0 = Debug|Any CPU
		{774D92B0-FB5D-4E80-95A1-204CD8094557}.Release|Any CPU.ActiveCfg = Release|Any CPU
		{774D92B0-FB5D-4E80-95A1-204CD8094557}.Release|Any CPU.Build.0 = Release|Any CPU
>>>>>>> Stashed changes
	EndGlobalSection
	GlobalSection(SolutionProperties) = preSolution
		HideSolutionNode = FALSE
	EndGlobalSection
<<<<<<< Updated upstream
=======
	GlobalSection(NestedProjects) = preSolution
		{D570F2B1-E3D3-4D3C-8EF2-BCA6B225E29E} = {56B7627A-B72E-47E5-8E3D-FED301C4AF75}
		{21BA477C-36D2-4F86-8E3F-02CB52971AB0} = {56B7627A-B72E-47E5-8E3D-FED301C4AF75}
		{F4312692-F27D-462D-9CE0-C477328C139E} = {56B7627A-B72E-47E5-8E3D-FED301C4AF75}
		{070073C5-AD45-452D-9E13-2A5BBD67F202} = {56B7627A-B72E-47E5-8E3D-FED301C4AF75}
		{DBDDDA76-D1A3-4783-A23C-2BC6E8A817DF} = {56B7627A-B72E-47E5-8E3D-FED301C4AF75}
		{749788A7-647E-44BD-8237-2A45E2AD1373} = {56B7627A-B72E-47E5-8E3D-FED301C4AF75}
		{56E6BCF3-F8D0-4142-BC92-8B1366CAE7DA} = {56B7627A-B72E-47E5-8E3D-FED301C4AF75}
		{774D92B0-FB5D-4E80-95A1-204CD8094557} = {0397FF4F-C471-4DF2-96C2-D20A8DEFBD51}
	EndGlobalSection
>>>>>>> Stashed changes
	GlobalSection(ExtensibilityGlobals) = postSolution
		SolutionGuid = {1E6A3270-A546-4DE9-A6DD-3B8A912B449E}
	EndGlobalSection
EndGlobal
